
Microsoft Visual Studio Solution File, Format Version 12.00
# Visual Studio 15
VisualStudioVersion = 15.0.26430.6
MinimumVisualStudioVersion = 10.0.40219.1
Project("{FAE04EC0-301F-11D3-BF4B-00C04F79EFBC}") = "WebApplication1", "WebApplication1\WebApplication1.csproj", "{68FAC6F6-F273-461B-85BC-9824B36F7904}"
EndProject
Global
	GlobalSection(SolutionConfigurationPlatforms) = preSolution
		Debug|Any CPU = Debug|Any CPU
		Release|Any CPU = Release|Any CPU
	EndGlobalSection
	GlobalSection(ProjectConfigurationPlatforms) = postSolution
		{68FAC6F6-F273-461B-85BC-9824B36F7904}.Debug|Any CPU.ActiveCfg = Debug|Any CPU
		{68FAC6F6-F273-461B-85BC-9824B36F7904}.Debug|Any CPU.Build.0 = Debug|Any CPU
		{68FAC6F6-F273-461B-85BC-9824B36F7904}.Release|Any CPU.ActiveCfg = Release|Any CPU
		{68FAC6F6-F273-461B-85BC-9824B36F7904}.Release|Any CPU.Build.0 = Release|Any CPU
	EndGlobalSection
	GlobalSection(SolutionProperties) = preSolution
		HideSolutionNode = FALSE
	EndGlobalSection
EndGlobal
